<?xml version="1.0" encoding="utf-8"?>
<Project ToolsVersion="4.0" xmlns="http://schemas.microsoft.com/developer/msbuild/2003">
  <ItemGroup>
    <Filter Include="ra">
      <UniqueIdentifier>{e554ca93-fd50-4349-b480-c97058f94a47}</UniqueIdentifier>
    </Filter>
    <Filter Include="_3rd_party">
      <UniqueIdentifier>{c5fb18bb-bd91-405d-8a43-54b74e562cf5}</UniqueIdentifier>
    </Filter>
    <Filter Include="_3rd_party\spooky_v2">
      <UniqueIdentifier>{32c447b7-9ad0-44e9-8821-df3234b88d9d}</UniqueIdentifier>
    </Filter>
    <Filter Include="ra\util">
      <UniqueIdentifier>{9a308853-4f9d-40ca-8428-c475f677b426}</UniqueIdentifier>
    </Filter>
    <Filter Include="ra\shapes">
      <UniqueIdentifier>{2f59dfe1-99ed-4275-964a-2402f6c637ce}</UniqueIdentifier>
    </Filter>
    <Filter Include="ra\ray_casters">
      <UniqueIdentifier>{8357eda2-87a5-4f48-8376-eec9dc388f6b}</UniqueIdentifier>
    </Filter>
    <Filter Include="ra\rendering_passes">
      <UniqueIdentifier>{fa2c063d-34c2-4abb-bc63-c72431a7cd7f}</UniqueIdentifier>
    </Filter>
    <Filter Include="ra\materials">
      <UniqueIdentifier>{6dbd5259-8cfa-4b63-9a18-5053a38f87cb}</UniqueIdentifier>
    </Filter>
    <Filter Include="ra\data_store_agents">
      <UniqueIdentifier>{59a4db99-f10e-43b5-ac90-658eb387aa43}</UniqueIdentifier>
    </Filter>
  </ItemGroup>
  <ItemGroup>
    <ClCompile Include="ra\context.cpp">
      <Filter>ra</Filter>
    </ClCompile>
    <ClCompile Include="ra\exception.cpp">
      <Filter>ra</Filter>
    </ClCompile>
    <ClCompile Include="ra\geometry.cpp">
      <Filter>ra</Filter>
    </ClCompile>
    <ClCompile Include="ra\geometry_group.cpp">
      <Filter>ra</Filter>
    </ClCompile>
    <ClCompile Include="ra\program.cpp">
      <Filter>ra</Filter>
    </ClCompile>
    <ClCompile Include="ra\ray_generator.cpp">
      <Filter>ra</Filter>
    </ClCompile>
    <ClCompile Include="ra\scene_section.cpp">
      <Filter>ra</Filter>
    </ClCompile>
    <ClCompile Include="ra\transform.cpp">
      <Filter>ra</Filter>
    </ClCompile>
    <ClCompile Include="ra\material.cpp">
      <Filter>ra</Filter>
    </ClCompile>
    <ClCompile Include="ra\contract_with_context.cpp">
      <Filter>ra</Filter>
    </ClCompile>
    <ClCompile Include="ra\contract_with_programs.cpp">
      <Filter>ra</Filter>
    </ClCompile>
    <ClCompile Include="ra\entity.cpp">
      <Filter>ra</Filter>
    </ClCompile>
    <ClCompile Include="ra\transformable.cpp">
      <Filter>ra</Filter>
    </ClCompile>
    <ClCompile Include="ra\scene.cpp">
      <Filter>ra</Filter>
    </ClCompile>
    <ClCompile Include="..\_3rd_party\SpookyHash\SpookyV2.cpp">
      <Filter>_3rd_party\spooky_v2</Filter>
    </ClCompile>
    <ClCompile Include="ra\util\datetime.cpp">
      <Filter>ra\util</Filter>
    </ClCompile>
    <ClCompile Include="ra\util\hashed_string.cpp">
      <Filter>ra\util</Filter>
    </ClCompile>
    <ClCompile Include="ra\util\log.cpp">
      <Filter>ra\util</Filter>
    </ClCompile>
    <ClCompile Include="ra\material_assembly.cpp">
      <Filter>ra</Filter>
    </ClCompile>
    <ClCompile Include="ra\shapes\circle.cpp">
      <Filter>ra\shapes</Filter>
    </ClCompile>
    <ClCompile Include="ra\ray_casters\parallel_ray_generator.cpp">
      <Filter>ra\ray_casters</Filter>
    </ClCompile>
    <ClCompile Include="ra\traverse_backup_buffer.cpp">
      <Filter>ra</Filter>
    </ClCompile>
    <ClCompile Include="ra\miss_shader.cpp">
      <Filter>ra</Filter>
    </ClCompile>
    <ClCompile Include="ra\miss_shader_assembly.cpp">
      <Filter>ra</Filter>
    </ClCompile>
    <ClCompile Include="ra\ray_casters\recaster_generator.cpp">
      <Filter>ra\ray_casters</Filter>
    </ClCompile>
    <ClCompile Include="ra\rendering_passes\scattering_rendering_pass.cpp">
      <Filter>ra\rendering_passes</Filter>
    </ClCompile>
    <ClCompile Include="ra\rendering_passes\rendering_pass.cpp">
      <Filter>ra\rendering_passes</Filter>
    </ClCompile>
    <ClCompile Include="ra\buffer.cpp">
      <Filter>ra</Filter>
    </ClCompile>
    <ClCompile Include="ra\util\misc.cpp">
      <Filter>ra</Filter>
    </ClCompile>
    <ClCompile Include="ra\init.cpp">
      <Filter>ra</Filter>
    </ClCompile>
    <ClCompile Include="ra\shapes\shapes_factory.cpp">
      <Filter>ra\shapes</Filter>
    </ClCompile>
    <ClCompile Include="ra\util\lua_support.cpp">
      <Filter>ra\util</Filter>
    </ClCompile>
    <ClCompile Include="ra\materials\black_body.cpp">
      <Filter>ra</Filter>
    </ClCompile>
    <ClCompile Include="ra\factory_initializer_sentinel.cpp">
      <Filter>ra</Filter>
    </ClCompile>
    <ClCompile Include="ra\basic_factory.cpp">
      <Filter>ra</Filter>
    </ClCompile>
    <ClCompile Include="ra\ray_generator_with_output_buffer.cpp">
      <Filter>ra</Filter>
    </ClCompile>
    <ClCompile Include="ra\ray_casters\ray_casters_factory.cpp">
      <Filter>ra\ray_casters</Filter>
    </ClCompile>
    <ClCompile Include="ra\rendering_passes\rendering_passes_factory.cpp">
      <Filter>ra\rendering_passes</Filter>
    </ClCompile>
    <ClCompile Include="ra\materials\materials_factory.cpp">
      <Filter>ra\materials</Filter>
    </ClCompile>
    <ClCompile Include="ra\ray_payloads.cpp" />
    <ClCompile Include="ra\data_store_agents\matlab_v4.cpp">
      <Filter>ra\data_store_agents</Filter>
    </ClCompile>
    <ClCompile Include="ra\data_store_agents\data_store_agents_factory.cpp">
      <Filter>ra\data_store_agents</Filter>
    </ClCompile>
    <ClCompile Include="ra\lua_utility_functions_library.cpp" />
    <ClCompile Include="ra\shapes\sphere.cpp">
      <Filter>ra\shapes</Filter>
    </ClCompile>
  </ItemGroup>
  <ItemGroup>
    <ClInclude Include="ra\buffer.h">
      <Filter>ra</Filter>
    </ClInclude>
    <ClInclude Include="ra\constants.h">
      <Filter>ra</Filter>
    </ClInclude>
    <ClInclude Include="ra\context.h">
      <Filter>ra</Filter>
    </ClInclude>
    <ClInclude Include="ra\exception.h">
      <Filter>ra</Filter>
    </ClInclude>
    <ClInclude Include="ra\geometry.h">
      <Filter>ra</Filter>
    </ClInclude>
    <ClInclude Include="ra\geometry_group.h">
      <Filter>ra</Filter>
    </ClInclude>
    <ClInclude Include="ra\program.h">
      <Filter>ra</Filter>
    </ClInclude>
    <ClInclude Include="ra\ray_generator.h">
      <Filter>ra</Filter>
    </ClInclude>
    <ClInclude Include="ra\scene.h">
      <Filter>ra</Filter>
    </ClInclude>
    <ClInclude Include="ra\scene_section.h">
      <Filter>ra</Filter>
    </ClInclude>
    <ClInclude Include="ra\transform.h">
      <Filter>ra</Filter>
    </ClInclude>
    <ClInclude Include="ra\material.h">
      <Filter>ra</Filter>
    </ClInclude>
    <ClInclude Include="ra\contract_with_context.h">
      <Filter>ra</Filter>
    </ClInclude>
    <ClInclude Include="ra\contract_with_programs.h">
      <Filter>ra</Filter>
    </ClInclude>
    <ClInclude Include="ra\entity.h">
      <Filter>ra</Filter>
    </ClInclude>
    <ClInclude Include="ra\material_assembly.h">
      <Filter>ra</Filter>
    </ClInclude>
    <ClInclude Include="ra\transformable.h">
      <Filter>ra</Filter>
    </ClInclude>
    <ClInclude Include="..\_3rd_party\SpookyHash\SpookyV2.h">
      <Filter>_3rd_party\spooky_v2</Filter>
    </ClInclude>
    <ClInclude Include="ra\shapes\circle.h">
      <Filter>ra\shapes</Filter>
    </ClInclude>
    <ClInclude Include="ra\util\datetime.h">
      <Filter>ra\util</Filter>
    </ClInclude>
    <ClInclude Include="ra\util\hashed_string.h">
      <Filter>ra\util</Filter>
    </ClInclude>
    <ClInclude Include="ra\util\log.h">
      <Filter>ra\util</Filter>
    </ClInclude>
    <ClInclude Include="ra\util\matrix_types.h">
      <Filter>ra\util</Filter>
    </ClInclude>
    <ClInclude Include="ra\util\static_vector.h">
      <Filter>ra\util</Filter>
    </ClInclude>
    <ClInclude Include="ra\ray_casters\parallel_ray_generator.h">
      <Filter>ra\ray_casters</Filter>
    </ClInclude>
    <ClInclude Include="ra\traverse_backup_buffer.h">
      <Filter>ra</Filter>
    </ClInclude>
    <ClInclude Include="ra\ray_radiance_payload.h">
      <Filter>ra</Filter>
    </ClInclude>
    <ClInclude Include="ra\miss_shader.h">
      <Filter>ra</Filter>
    </ClInclude>
    <ClInclude Include="ptx.h">
      <Filter>ra</Filter>
    </ClInclude>
    <ClInclude Include="ra\miss_shader_assembly.h">
      <Filter>ra</Filter>
    </ClInclude>
    <ClInclude Include="ra\util\optional.h">
      <Filter>ra\util</Filter>
    </ClInclude>
    <ClInclude Include="ra\ray_payloads.h">
      <Filter>ra</Filter>
    </ClInclude>
    <ClInclude Include="ra\ray_casters\recaster_generator.h">
      <Filter>ra\ray_casters</Filter>
    </ClInclude>
    <ClInclude Include="ra\ray_occlusion_payload.h">
      <Filter>ra</Filter>
    </ClInclude>
    <ClInclude Include="ra\rendering_passes\scattering_rendering_pass.h">
      <Filter>ra\rendering_passes</Filter>
    </ClInclude>
    <ClInclude Include="ra\rendering_passes\rendering_pass.h">
      <Filter>ra\rendering_passes</Filter>
    </ClInclude>
    <ClInclude Include="ra\util\misc.h">
      <Filter>ra</Filter>
    </ClInclude>
    <ClInclude Include="ra\init.h">
      <Filter>ra</Filter>
    </ClInclude>
    <ClInclude Include="ra\materials\black_body.h">
      <Filter>ra\materials</Filter>
    </ClInclude>
    <ClInclude Include="ra\shapes\shapes_factory.h">
      <Filter>ra\shapes</Filter>
    </ClInclude>
    <ClInclude Include="ra\util\lua_support.h">
      <Filter>ra\util</Filter>
    </ClInclude>
    <ClInclude Include="ra\factory_initializer_sentinel.h">
      <Filter>ra</Filter>
    </ClInclude>
    <ClInclude Include="ra\basic_factory.h">
      <Filter>ra</Filter>
    </ClInclude>
    <ClInclude Include="ra\ray_generator_with_output_buffer.h">
      <Filter>ra</Filter>
    </ClInclude>
    <ClInclude Include="ra\materials\materials_factory.h">
      <Filter>ra\materials</Filter>
    </ClInclude>
    <ClInclude Include="ra\ray_casters\ray_casters_factory.h">
      <Filter>ra\ray_casters</Filter>
    </ClInclude>
    <ClInclude Include="ra\rendering_passes\rendering_passes_factory.h">
      <Filter>ra\rendering_passes</Filter>
    </ClInclude>
    <ClInclude Include="ra\version.h">
      <Filter>ra</Filter>
    </ClInclude>
    <ClInclude Include="ra\ra_fwd.h">
      <Filter>ra</Filter>
    </ClInclude>
    <ClInclude Include="ra\ray_casters\ra_ray_casters_fwd.h">
      <Filter>ra\ray_casters</Filter>
    </ClInclude>
    <ClInclude Include="ra\shapes\ra_shapes_fwd.h">
      <Filter>ra\shapes</Filter>
    </ClInclude>
    <ClInclude Include="ra\rendering_passes\ra_rendering_passes_fwd.h">
      <Filter>ra\rendering_passes</Filter>
    </ClInclude>
    <ClInclude Include="ra\materials\ra_materials_fwd.h">
      <Filter>ra\materials</Filter>
    </ClInclude>
    <ClInclude Include="ra\data_store_agents\matlab_v4.h">
      <Filter>ra\data_store_agents</Filter>
    </ClInclude>
    <ClInclude Include="data_store_agents_common.h">
      <Filter>ra\data_store_agents</Filter>
    </ClInclude>
    <ClInclude Include="ra\data_store_agents\data_store_agents_factory.h">
      <Filter>ra\data_store_agents</Filter>
    </ClInclude>
    <ClInclude Include="ra\data_store_agents\ra_data_store_agents_fwd.h">
      <Filter>ra\data_store_agents</Filter>
    </ClInclude>
    <ClInclude Include="ra\lua_utility_functions_library.h" />
    <ClInclude Include="ra\shapes\sphere.h">
      <Filter>ra\shapes</Filter>
    </ClInclude>
  </ItemGroup>
  <ItemGroup>
    <None Include="ra\buffer_tuner.inl">
      <Filter>ra</Filter>
    </None>
    <None Include="ra\shapes\circle.cu">
      <Filter>ra\shapes</Filter>
    </None>
    <None Include="ra\ray_casters\parallel_ray_generator.cu">
      <Filter>ra\ray_casters</Filter>
    </None>
    <None Include="ra\ray_casters\recaster_generator.cu">
      <Filter>ra\ray_casters</Filter>
    </None>
    <None Include="ra\rendering_passes\scattering_rendering_pass.cu">
      <Filter>ra\rendering_passes</Filter>
    </None>
    <None Include="ra\materials\black_body.cu">
      <Filter>ra\materials</Filter>
    </None>
    <None Include="ra\rendering_passes\scattering_rendering_pass_default_shader_config.cu">
      <Filter>ra\rendering_passes</Filter>
    </None>
    <None Include="ra\shapes\sphere.cu">
      <Filter>ra\shapes</Filter>
    </None>
  </ItemGroup>
  <ItemGroup>
    <Xml Include="config.xml" />
  </ItemGroup>
</Project>