<?xml version="1.0" encoding="utf-8"?>
<Project ToolsVersion="4.0" xmlns="http://schemas.microsoft.com/developer/msbuild/2003">
  <ItemGroup>
    <Filter Include="Source Files">
      <UniqueIdentifier>{4FC737F1-C7A5-4376-A066-2A32D752A2FF}</UniqueIdentifier>
      <Extensions>cpp;c;cc;cxx;def;odl;idl;hpj;bat;asm;asmx</Extensions>
    </Filter>
    <Filter Include="Header Files">
      <UniqueIdentifier>{93995380-89BD-4b04-88EB-625FBE52EBFB}</UniqueIdentifier>
      <Extensions>h;hh;hpp;hxx;hm;inl;inc;xsd</Extensions>
    </Filter>
    <Filter Include="Resource Files">
      <UniqueIdentifier>{67DA6AB6-F800-4c08-8B7A-83BB121AAD01}</UniqueIdentifier>
      <Extensions>rc;ico;cur;bmp;dlg;rc2;rct;bin;rgs;gif;jpg;jpeg;jpe;resx;tiff;tif;png;wav;mfcribbon-ms</Extensions>
    </Filter>
    <Filter Include="OptiX Programs">
      <UniqueIdentifier>{e31f8b2e-9748-403d-951b-546dc074044c}</UniqueIdentifier>
    </Filter>
  </ItemGroup>
  <ItemGroup>
    <ClCompile Include="main.cpp">
      <Filter>Source Files</Filter>
    </ClCompile>
    <ClCompile Include="..\SpookyHash\SpookyV2.cpp">
      <Filter>Source Files</Filter>
    </ClCompile>
    <ClCompile Include="hashed_string.cpp">
      <Filter>Source Files</Filter>
    </ClCompile>
    <ClCompile Include="optix_program.cpp">
      <Filter>Source Files</Filter>
    </ClCompile>
    <ClCompile Include="datetime.cpp">
      <Filter>Source Files</Filter>
    </ClCompile>
    <ClCompile Include="log.cpp">
      <Filter>Source Files</Filter>
    </ClCompile>
    <ClCompile Include="optix_context.cpp">
      <Filter>Source Files</Filter>
    </ClCompile>
    <ClCompile Include="atmospheric_layer.cpp">
      <Filter>Source Files</Filter>
    </ClCompile>
    <ClCompile Include="optix_scene_section.cpp">
      <Filter>Source Files</Filter>
    </ClCompile>
    <ClCompile Include="ox_exception.cpp">
      <Filter>Source Files</Filter>
    </ClCompile>
    <ClCompile Include="optix_geometry_group.cpp">
      <Filter>Source Files</Filter>
    </ClCompile>
    <ClCompile Include="has_contract_with_optix_context.cpp">
      <Filter>Source Files</Filter>
    </ClCompile>
    <ClCompile Include="optix_ray_generator.cpp">
      <Filter>Source Files</Filter>
    </ClCompile>
    <ClCompile Include="has_contract_with_optix_program.cpp">
      <Filter>Source Files</Filter>
    </ClCompile>
  </ItemGroup>
  <ItemGroup>
    <ClInclude Include="constants.h">
      <Filter>Header Files</Filter>
    </ClInclude>
    <ClInclude Include="ptx_modules.h">
      <Filter>Header Files</Filter>
    </ClInclude>
    <ClInclude Include="optix_program.h">
      <Filter>Header Files</Filter>
    </ClInclude>
    <ClInclude Include="atmospheric_layer.h">
      <Filter>Header Files</Filter>
    </ClInclude>
    <ClInclude Include="..\SpookyHash\SpookyV2.h">
      <Filter>Header Files</Filter>
    </ClInclude>
    <ClInclude Include="hashed_string.h">
      <Filter>Header Files</Filter>
    </ClInclude>
    <ClInclude Include="datetime.h">
      <Filter>Header Files</Filter>
    </ClInclude>
    <ClInclude Include="log.h">
      <Filter>Header Files</Filter>
    </ClInclude>
    <ClInclude Include="optix_context.h">
      <Filter>Header Files</Filter>
    </ClInclude>
    <ClInclude Include="matrix_types.h">
      <Filter>Header Files</Filter>
    </ClInclude>
    <ClInclude Include="ray_payload.h">
      <Filter>Header Files</Filter>
    </ClInclude>
    <ClInclude Include="optix_buffer.h">
      <Filter>Header Files</Filter>
    </ClInclude>
    <ClInclude Include="gomos_ray_generator.h">
      <Filter>Header Files</Filter>
    </ClInclude>
    <ClInclude Include="optix_scene_section.h">
      <Filter>Header Files</Filter>
    </ClInclude>
    <ClInclude Include="optix_scene.h">
      <Filter>Header Files</Filter>
    </ClInclude>
    <ClInclude Include="optix_geometry_group.h">
      <Filter>Header Files</Filter>
    </ClInclude>
    <ClInclude Include="ox_wrapper_fwd.h">
      <Filter>Header Files</Filter>
    </ClInclude>
    <ClInclude Include="optix_geometry.h">
      <Filter>Header Files</Filter>
    </ClInclude>
    <ClInclude Include="optix_material.h">
      <Filter>Header Files</Filter>
    </ClInclude>
    <ClInclude Include="ox_exception.h">
      <Filter>Header Files</Filter>
    </ClInclude>
    <ClInclude Include="has_contract_with_optix_context.h">
      <Filter>Header Files</Filter>
    </ClInclude>
    <ClInclude Include="optix_ray_generator.h">
      <Filter>Header Files</Filter>
    </ClInclude>
    <ClInclude Include="has_contract_with_optix_program.h">
      <Filter>Header Files</Filter>
    </ClInclude>
  </ItemGroup>
  <ItemGroup>
    <Xml Include="compile_ptx_modules_config.xml">
      <Filter>OptiX Programs</Filter>
    </Xml>
  </ItemGroup>
  <ItemGroup>
    <None Include="optix_buffer_tuner.inl">
      <Filter>Header Files</Filter>
    </None>
    <None Include="gomos_gpu_kernel.cu">
      <Filter>OptiX Programs</Filter>
    </None>
  </ItemGroup>
</Project>