<?xml version="1.0" encoding="utf-8"?>
<Project ToolsVersion="4.0" xmlns="http://schemas.microsoft.com/developer/msbuild/2003">
  <ItemGroup>
    <Filter Include="ox_wrapper">
      <UniqueIdentifier>{e554ca93-fd50-4349-b480-c97058f94a47}</UniqueIdentifier>
    </Filter>
    <Filter Include="_3rd_party">
      <UniqueIdentifier>{c5fb18bb-bd91-405d-8a43-54b74e562cf5}</UniqueIdentifier>
    </Filter>
    <Filter Include="_3rd_party\spooky_v2">
      <UniqueIdentifier>{32c447b7-9ad0-44e9-8821-df3234b88d9d}</UniqueIdentifier>
    </Filter>
    <Filter Include="ox_wrapper\util">
      <UniqueIdentifier>{9a308853-4f9d-40ca-8428-c475f677b426}</UniqueIdentifier>
    </Filter>
    <Filter Include="ox_wrapper\shapes">
      <UniqueIdentifier>{2f59dfe1-99ed-4275-964a-2402f6c637ce}</UniqueIdentifier>
    </Filter>
    <Filter Include="ox_wrapper\ray_casters">
      <UniqueIdentifier>{8357eda2-87a5-4f48-8376-eec9dc388f6b}</UniqueIdentifier>
    </Filter>
    <Filter Include="ox_wrapper\materials">
      <UniqueIdentifier>{1b23faa6-48c1-422f-a145-3eecb37efa75}</UniqueIdentifier>
    </Filter>
  </ItemGroup>
  <ItemGroup>
    <ClCompile Include="ox_wrapper\context.cpp">
      <Filter>ox_wrapper</Filter>
    </ClCompile>
    <ClCompile Include="ox_wrapper\exception.cpp">
      <Filter>ox_wrapper</Filter>
    </ClCompile>
    <ClCompile Include="ox_wrapper\geometry.cpp">
      <Filter>ox_wrapper</Filter>
    </ClCompile>
    <ClCompile Include="ox_wrapper\geometry_group.cpp">
      <Filter>ox_wrapper</Filter>
    </ClCompile>
    <ClCompile Include="ox_wrapper\program.cpp">
      <Filter>ox_wrapper</Filter>
    </ClCompile>
    <ClCompile Include="ox_wrapper\ray_generator.cpp">
      <Filter>ox_wrapper</Filter>
    </ClCompile>
    <ClCompile Include="ox_wrapper\scene_section.cpp">
      <Filter>ox_wrapper</Filter>
    </ClCompile>
    <ClCompile Include="ox_wrapper\transform.cpp">
      <Filter>ox_wrapper</Filter>
    </ClCompile>
    <ClCompile Include="ox_wrapper\material.cpp">
      <Filter>ox_wrapper</Filter>
    </ClCompile>
    <ClCompile Include="ox_wrapper\contract_with_context.cpp">
      <Filter>ox_wrapper</Filter>
    </ClCompile>
    <ClCompile Include="ox_wrapper\contract_with_programs.cpp">
      <Filter>ox_wrapper</Filter>
    </ClCompile>
    <ClCompile Include="ox_wrapper\entity.cpp">
      <Filter>ox_wrapper</Filter>
    </ClCompile>
    <ClCompile Include="ox_wrapper\transformable.cpp">
      <Filter>ox_wrapper</Filter>
    </ClCompile>
    <ClCompile Include="ox_wrapper\scene.cpp">
      <Filter>ox_wrapper</Filter>
    </ClCompile>
    <ClCompile Include="..\_3rd_party\SpookyHash\SpookyV2.cpp">
      <Filter>_3rd_party\spooky_v2</Filter>
    </ClCompile>
    <ClCompile Include="ox_wrapper\util\datetime.cpp">
      <Filter>ox_wrapper\util</Filter>
    </ClCompile>
    <ClCompile Include="ox_wrapper\util\hashed_string.cpp">
      <Filter>ox_wrapper\util</Filter>
    </ClCompile>
    <ClCompile Include="ox_wrapper\util\log.cpp">
      <Filter>ox_wrapper\util</Filter>
    </ClCompile>
    <ClCompile Include="ox_wrapper\material_assembly.cpp">
      <Filter>ox_wrapper</Filter>
    </ClCompile>
    <ClCompile Include="ox_wrapper\shapes\circle.cpp">
      <Filter>ox_wrapper\shapes</Filter>
    </ClCompile>
    <ClCompile Include="ox_wrapper\ray_casters\parallel_ray_generator.cpp">
      <Filter>ox_wrapper\ray_casters</Filter>
    </ClCompile>
    <ClCompile Include="ox_wrapper\traverse_backup_buffer.cpp">
      <Filter>ox_wrapper</Filter>
    </ClCompile>
    <ClCompile Include="ox_wrapper\miss_shader.cpp">
      <Filter>ox_wrapper</Filter>
    </ClCompile>
    <ClCompile Include="ox_wrapper\miss_shader_assembly.cpp">
      <Filter>ox_wrapper</Filter>
    </ClCompile>
    <ClCompile Include="ox_wrapper\materials\scattering_material.cpp">
      <Filter>ox_wrapper\materials</Filter>
    </ClCompile>
  </ItemGroup>
  <ItemGroup>
    <ClInclude Include="ox_wrapper\buffer.h">
      <Filter>ox_wrapper</Filter>
    </ClInclude>
    <ClInclude Include="ox_wrapper\constants.h">
      <Filter>ox_wrapper</Filter>
    </ClInclude>
    <ClInclude Include="ox_wrapper\context.h">
      <Filter>ox_wrapper</Filter>
    </ClInclude>
    <ClInclude Include="ox_wrapper\exception.h">
      <Filter>ox_wrapper</Filter>
    </ClInclude>
    <ClInclude Include="ox_wrapper\fwd.h">
      <Filter>ox_wrapper</Filter>
    </ClInclude>
    <ClInclude Include="ox_wrapper\geometry.h">
      <Filter>ox_wrapper</Filter>
    </ClInclude>
    <ClInclude Include="ox_wrapper\geometry_group.h">
      <Filter>ox_wrapper</Filter>
    </ClInclude>
    <ClInclude Include="ox_wrapper\program.h">
      <Filter>ox_wrapper</Filter>
    </ClInclude>
    <ClInclude Include="ox_wrapper\ray_generator.h">
      <Filter>ox_wrapper</Filter>
    </ClInclude>
    <ClInclude Include="ox_wrapper\scene.h">
      <Filter>ox_wrapper</Filter>
    </ClInclude>
    <ClInclude Include="ox_wrapper\scene_section.h">
      <Filter>ox_wrapper</Filter>
    </ClInclude>
    <ClInclude Include="ox_wrapper\transform.h">
      <Filter>ox_wrapper</Filter>
    </ClInclude>
    <ClInclude Include="ox_wrapper\material.h">
      <Filter>ox_wrapper</Filter>
    </ClInclude>
    <ClInclude Include="ox_wrapper\contract_with_context.h">
      <Filter>ox_wrapper</Filter>
    </ClInclude>
    <ClInclude Include="ox_wrapper\contract_with_programs.h">
      <Filter>ox_wrapper</Filter>
    </ClInclude>
    <ClInclude Include="ox_wrapper\entity.h">
      <Filter>ox_wrapper</Filter>
    </ClInclude>
    <ClInclude Include="ox_wrapper\material_assembly.h">
      <Filter>ox_wrapper</Filter>
    </ClInclude>
    <ClInclude Include="ox_wrapper\transformable.h">
      <Filter>ox_wrapper</Filter>
    </ClInclude>
    <ClInclude Include="..\_3rd_party\SpookyHash\SpookyV2.h">
      <Filter>_3rd_party\spooky_v2</Filter>
    </ClInclude>
    <ClInclude Include="ox_wrapper\shapes\circle.h">
      <Filter>ox_wrapper\shapes</Filter>
    </ClInclude>
    <ClInclude Include="ox_wrapper\util\datetime.h">
      <Filter>ox_wrapper\util</Filter>
    </ClInclude>
    <ClInclude Include="ox_wrapper\util\hashed_string.h">
      <Filter>ox_wrapper\util</Filter>
    </ClInclude>
    <ClInclude Include="ox_wrapper\util\log.h">
      <Filter>ox_wrapper\util</Filter>
    </ClInclude>
    <ClInclude Include="ox_wrapper\util\matrix_types.h">
      <Filter>ox_wrapper\util</Filter>
    </ClInclude>
    <ClInclude Include="ox_wrapper\util\static_vector.h">
      <Filter>ox_wrapper\util</Filter>
    </ClInclude>
    <ClInclude Include="ox_wrapper\ray_casters\parallel_ray_generator.h">
      <Filter>ox_wrapper\ray_casters</Filter>
    </ClInclude>
    <ClInclude Include="ox_wrapper\ray_casters\fwd.h">
      <Filter>ox_wrapper\ray_casters</Filter>
    </ClInclude>
    <ClInclude Include="ox_wrapper\shapes\fwd.h">
      <Filter>ox_wrapper\shapes</Filter>
    </ClInclude>
    <ClInclude Include="ox_wrapper\traverse_backup_buffer.h">
      <Filter>ox_wrapper</Filter>
    </ClInclude>
    <ClInclude Include="ox_wrapper\ray_radiance_payload.h">
      <Filter>ox_wrapper</Filter>
    </ClInclude>
    <ClInclude Include="ox_wrapper\miss_shader.h">
      <Filter>ox_wrapper</Filter>
    </ClInclude>
    <ClInclude Include="ptx.h">
      <Filter>ox_wrapper</Filter>
    </ClInclude>
    <ClInclude Include="ox_wrapper\miss_shader_assembly.h">
      <Filter>ox_wrapper</Filter>
    </ClInclude>
    <ClInclude Include="ox_wrapper\util\optional.h">
      <Filter>ox_wrapper\util</Filter>
    </ClInclude>
    <ClInclude Include="ox_wrapper\materials\scattering_material.h">
      <Filter>ox_wrapper\materials</Filter>
    </ClInclude>
    <ClInclude Include="ox_wrapper\ray_payloads.h">
      <Filter>ox_wrapper</Filter>
    </ClInclude>
  </ItemGroup>
  <ItemGroup>
    <None Include="ox_wrapper\buffer_tuner.inl">
      <Filter>ox_wrapper</Filter>
    </None>
    <None Include="ox_wrapper\shapes\circle.cu">
      <Filter>ox_wrapper\shapes</Filter>
    </None>
    <None Include="ox_wrapper\ray_casters\parallel_ray_generator.cu">
      <Filter>ox_wrapper\ray_casters</Filter>
    </None>
    <None Include="ox_wrapper\materials\scattering_material.cu">
      <Filter>ox_wrapper\materials</Filter>
    </None>
  </ItemGroup>
  <ItemGroup>
    <Xml Include="config.xml" />
  </ItemGroup>
</Project>